// !$*UTF8*$!
{
	archiveVersion = 1;
	classes = {
	};
	objectVersion = 56;
	objects = {

/* Begin PBXBuildFile section */
		B325614A2AD2E6A2002733DE /* Neros_MusicApp.swift in Sources */ = {isa = PBXBuildFile; fileRef = B32561492AD2E6A2002733DE /* Neros_MusicApp.swift */; };
		B325614C2AD2E6A2002733DE /* ContentView.swift in Sources */ = {isa = PBXBuildFile; fileRef = B325614B2AD2E6A2002733DE /* ContentView.swift */; };
		B325614E2AD2E6A3002733DE /* Assets.xcassets in Resources */ = {isa = PBXBuildFile; fileRef = B325614D2AD2E6A3002733DE /* Assets.xcassets */; };
		B32561512AD2E6A3002733DE /* Preview Assets.xcassets in Resources */ = {isa = PBXBuildFile; fileRef = B32561502AD2E6A3002733DE /* Preview Assets.xcassets */; };
		B3B669A92AE0104D0070AB49 /* alien-camera.atx in Resources */ = {isa = PBXBuildFile; fileRef = B3B669A12AE0104D0070AB49 /* alien-camera.atx */; };
		B3B669AA2AE0104D0070AB49 /* alien_head_AO.heic in Resources */ = {isa = PBXBuildFile; fileRef = B3B669A22AE0104D0070AB49 /* alien_head_AO.heic */; };
		B3B669AB2AE0104D0070AB49 /* alien-cameras.scn in Resources */ = {isa = PBXBuildFile; fileRef = B3B669A32AE0104D0070AB49 /* alien-cameras.scn */; };
		B3B669AC2AE0104D0070AB49 /* alien_head_DIFFUSE.heic in Resources */ = {isa = PBXBuildFile; fileRef = B3B669A42AE0104D0070AB49 /* alien_head_DIFFUSE.heic */; };
		B3B669AD2AE0104D0070AB49 /* alien_head_SPECROUGHLW.heic in Resources */ = {isa = PBXBuildFile; fileRef = B3B669A52AE0104D0070AB49 /* alien_head_SPECROUGHLW.heic */; };
		B3B669AE2AE0104D0070AB49 /* alien.scn in Resources */ = {isa = PBXBuildFile; fileRef = B3B669A62AE0104D0070AB49 /* alien.scn */; };
		B3B669AF2AE0104D0070AB49 /* alien-cameraGrid.atx in Resources */ = {isa = PBXBuildFile; fileRef = B3B669A72AE0104D0070AB49 /* alien-cameraGrid.atx */; };
		B3B669B02AE0104D0070AB49 /* alien_head_ONTOP.heic in Resources */ = {isa = PBXBuildFile; fileRef = B3B669A82AE0104D0070AB49 /* alien_head_ONTOP.heic */; };
		B3B669BA2AE010740070AB49 /* mouth_AO.heic in Resources */ = {isa = PBXBuildFile; fileRef = B3B669B22AE010740070AB49 /* mouth_AO.heic */; };
		B3B669BB2AE010740070AB49 /* white.heic in Resources */ = {isa = PBXBuildFile; fileRef = B3B669B32AE010740070AB49 /* white.heic */; };
		B3B669BC2AE010740070AB49 /* mouth_DIFFUSE.heic in Resources */ = {isa = PBXBuildFile; fileRef = B3B669B42AE010740070AB49 /* mouth_DIFFUSE.heic */; };
		B3B669BD2AE010740070AB49 /* eye_uvs_REFLECTIVE_occlusion.heic in Resources */ = {isa = PBXBuildFile; fileRef = B3B669B52AE010740070AB49 /* eye_uvs_REFLECTIVE_occlusion.heic */; };
		B3B669BE2AE010740070AB49 /* tongue_SPECROUGHLW.heic in Resources */ = {isa = PBXBuildFile; fileRef = B3B669B62AE010740070AB49 /* tongue_SPECROUGHLW.heic */; };
		B3B669BF2AE010740070AB49 /* eye_uvs_REFLECTIVE_front.heic in Resources */ = {isa = PBXBuildFile; fileRef = B3B669B72AE010740070AB49 /* eye_uvs_REFLECTIVE_front.heic */; };
		B3B669C02AE010740070AB49 /* black.heic in Resources */ = {isa = PBXBuildFile; fileRef = B3B669B82AE010740070AB49 /* black.heic */; };
		B3B669C12AE010740070AB49 /* eye_uvs_REFLECTIVE_back.heic in Resources */ = {isa = PBXBuildFile; fileRef = B3B669B92AE010740070AB49 /* eye_uvs_REFLECTIVE_back.heic */; };
		B3B669C32AE014520070AB49 /* Homepage.swift in Sources */ = {isa = PBXBuildFile; fileRef = B3B669C22AE014520070AB49 /* Homepage.swift */; };
		B3C3030D2ADEFB9400B71318 /* Avatar3DView.swift in Sources */ = {isa = PBXBuildFile; fileRef = B3C3030C2ADEFB9400B71318 /* Avatar3DView.swift */; };
		B3C3030F2ADEFE6300B71318 /* BottomNavBar.swift in Sources */ = {isa = PBXBuildFile; fileRef = B3C3030E2ADEFE6300B71318 /* BottomNavBar.swift */; };
/* End PBXBuildFile section */

/* Begin PBXFileReference section */
		B32561462AD2E6A2002733DE /* Neros Music.app */ = {isa = PBXFileReference; explicitFileType = wrapper.application; includeInIndex = 0; path = "Neros Music.app"; sourceTree = BUILT_PRODUCTS_DIR; };
		B32561492AD2E6A2002733DE /* Neros_MusicApp.swift */ = {isa = PBXFileReference; lastKnownFileType = sourcecode.swift; path = Neros_MusicApp.swift; sourceTree = "<group>"; };
		B325614B2AD2E6A2002733DE /* ContentView.swift */ = {isa = PBXFileReference; lastKnownFileType = sourcecode.swift; path = ContentView.swift; sourceTree = "<group>"; };
		B325614D2AD2E6A3002733DE /* Assets.xcassets */ = {isa = PBXFileReference; lastKnownFileType = folder.assetcatalog; path = Assets.xcassets; sourceTree = "<group>"; };
		B32561502AD2E6A3002733DE /* Preview Assets.xcassets */ = {isa = PBXFileReference; lastKnownFileType = folder.assetcatalog; path = "Preview Assets.xcassets"; sourceTree = "<group>"; };
		B3B669A12AE0104D0070AB49 /* alien-camera.atx */ = {isa = PBXFileReference; lastKnownFileType = file; path = "alien-camera.atx"; sourceTree = "<group>"; };
		B3B669A22AE0104D0070AB49 /* alien_head_AO.heic */ = {isa = PBXFileReference; lastKnownFileType = file; path = alien_head_AO.heic; sourceTree = "<group>"; };
		B3B669A32AE0104D0070AB49 /* alien-cameras.scn */ = {isa = PBXFileReference; lastKnownFileType = file.bplist; path = "alien-cameras.scn"; sourceTree = "<group>"; };
		B3B669A42AE0104D0070AB49 /* alien_head_DIFFUSE.heic */ = {isa = PBXFileReference; lastKnownFileType = file; path = alien_head_DIFFUSE.heic; sourceTree = "<group>"; };
		B3B669A52AE0104D0070AB49 /* alien_head_SPECROUGHLW.heic */ = {isa = PBXFileReference; lastKnownFileType = file; path = alien_head_SPECROUGHLW.heic; sourceTree = "<group>"; };
		B3B669A62AE0104D0070AB49 /* alien.scn */ = {isa = PBXFileReference; lastKnownFileType = file.bplist; path = alien.scn; sourceTree = "<group>"; };
		B3B669A72AE0104D0070AB49 /* alien-cameraGrid.atx */ = {isa = PBXFileReference; lastKnownFileType = file; path = "alien-cameraGrid.atx"; sourceTree = "<group>"; };
		B3B669A82AE0104D0070AB49 /* alien_head_ONTOP.heic */ = {isa = PBXFileReference; lastKnownFileType = file; path = alien_head_ONTOP.heic; sourceTree = "<group>"; };
		B3B669B22AE010740070AB49 /* mouth_AO.heic */ = {isa = PBXFileReference; lastKnownFileType = file; path = mouth_AO.heic; sourceTree = "<group>"; };
		B3B669B32AE010740070AB49 /* white.heic */ = {isa = PBXFileReference; lastKnownFileType = file; path = white.heic; sourceTree = "<group>"; };
		B3B669B42AE010740070AB49 /* mouth_DIFFUSE.heic */ = {isa = PBXFileReference; lastKnownFileType = file; path = mouth_DIFFUSE.heic; sourceTree = "<group>"; };
		B3B669B52AE010740070AB49 /* eye_uvs_REFLECTIVE_occlusion.heic */ = {isa = PBXFileReference; lastKnownFileType = file; path = eye_uvs_REFLECTIVE_occlusion.heic; sourceTree = "<group>"; };
		B3B669B62AE010740070AB49 /* tongue_SPECROUGHLW.heic */ = {isa = PBXFileReference; lastKnownFileType = file; path = tongue_SPECROUGHLW.heic; sourceTree = "<group>"; };
		B3B669B72AE010740070AB49 /* eye_uvs_REFLECTIVE_front.heic */ = {isa = PBXFileReference; lastKnownFileType = file; path = eye_uvs_REFLECTIVE_front.heic; sourceTree = "<group>"; };
		B3B669B82AE010740070AB49 /* black.heic */ = {isa = PBXFileReference; lastKnownFileType = file; path = black.heic; sourceTree = "<group>"; };
		B3B669B92AE010740070AB49 /* eye_uvs_REFLECTIVE_back.heic */ = {isa = PBXFileReference; lastKnownFileType = file; path = eye_uvs_REFLECTIVE_back.heic; sourceTree = "<group>"; };
		B3B669C22AE014520070AB49 /* Homepage.swift */ = {isa = PBXFileReference; lastKnownFileType = sourcecode.swift; name = Homepage.swift; path = ../../Homepage.swift; sourceTree = "<group>"; };
		B3C3030C2ADEFB9400B71318 /* Avatar3DView.swift */ = {isa = PBXFileReference; lastKnownFileType = sourcecode.swift; path = Avatar3DView.swift; sourceTree = "<group>"; };
		B3C3030E2ADEFE6300B71318 /* BottomNavBar.swift */ = {isa = PBXFileReference; lastKnownFileType = sourcecode.swift; path = BottomNavBar.swift; sourceTree = "<group>"; };
/* End PBXFileReference section */

/* Begin PBXFrameworksBuildPhase section */
		B32561432AD2E6A2002733DE /* Frameworks */ = {
			isa = PBXFrameworksBuildPhase;
			buildActionMask = 2147483647;
			files = (
			);
			runOnlyForDeploymentPostprocessing = 0;
		};
/* End PBXFrameworksBuildPhase section */

/* Begin PBXGroup section */
		B325613D2AD2E6A2002733DE = {
			isa = PBXGroup;
			children = (
				B3B669B12AE010740070AB49 /* sharedImages */,
				B3B669A02AE0104D0070AB49 /* alien */,
				B32561482AD2E6A2002733DE /* Neros Music */,
				B32561472AD2E6A2002733DE /* Products */,
			);
			sourceTree = "<group>";
		};
		B32561472AD2E6A2002733DE /* Products */ = {
			isa = PBXGroup;
			children = (
				B32561462AD2E6A2002733DE /* Neros Music.app */,
			);
			name = Products;
			sourceTree = "<group>";
		};
		B32561482AD2E6A2002733DE /* Neros Music */ = {
			isa = PBXGroup;
			children = (
				B32561492AD2E6A2002733DE /* Neros_MusicApp.swift */,
				B325614B2AD2E6A2002733DE /* ContentView.swift */,
				B325614D2AD2E6A3002733DE /* Assets.xcassets */,
				B3C3030C2ADEFB9400B71318 /* Avatar3DView.swift */,
				B325614F2AD2E6A3002733DE /* Preview Content */,
				B3C3030E2ADEFE6300B71318 /* BottomNavBar.swift */,
				B3B669C22AE014520070AB49 /* Homepage.swift */,
			);
			path = "Neros Music";
			sourceTree = "<group>";
		};
		B325614F2AD2E6A3002733DE /* Preview Content */ = {
			isa = PBXGroup;
			children = (
				B32561502AD2E6A3002733DE /* Preview Assets.xcassets */,
			);
			path = "Preview Content";
			sourceTree = "<group>";
		};
		B3B669A02AE0104D0070AB49 /* alien */ = {
			isa = PBXGroup;
			children = (
				B3B669A12AE0104D0070AB49 /* alien-camera.atx */,
				B3B669A22AE0104D0070AB49 /* alien_head_AO.heic */,
				B3B669A32AE0104D0070AB49 /* alien-cameras.scn */,
				B3B669A42AE0104D0070AB49 /* alien_head_DIFFUSE.heic */,
				B3B669A52AE0104D0070AB49 /* alien_head_SPECROUGHLW.heic */,
				B3B669A62AE0104D0070AB49 /* alien.scn */,
				B3B669A72AE0104D0070AB49 /* alien-cameraGrid.atx */,
				B3B669A82AE0104D0070AB49 /* alien_head_ONTOP.heic */,
			);
			path = alien;
			sourceTree = "<group>";
		};
		B3B669B12AE010740070AB49 /* sharedImages */ = {
			isa = PBXGroup;
			children = (
				B3B669B22AE010740070AB49 /* mouth_AO.heic */,
				B3B669B32AE010740070AB49 /* white.heic */,
				B3B669B42AE010740070AB49 /* mouth_DIFFUSE.heic */,
				B3B669B52AE010740070AB49 /* eye_uvs_REFLECTIVE_occlusion.heic */,
				B3B669B62AE010740070AB49 /* tongue_SPECROUGHLW.heic */,
				B3B669B72AE010740070AB49 /* eye_uvs_REFLECTIVE_front.heic */,
				B3B669B82AE010740070AB49 /* black.heic */,
				B3B669B92AE010740070AB49 /* eye_uvs_REFLECTIVE_back.heic */,
			);
			path = sharedImages;
			sourceTree = "<group>";
		};
/* End PBXGroup section */

/* Begin PBXNativeTarget section */
		B32561452AD2E6A2002733DE /* Neros Music */ = {
			isa = PBXNativeTarget;
			buildConfigurationList = B32561542AD2E6A3002733DE /* Build configuration list for PBXNativeTarget "Neros Music" */;
			buildPhases = (
				B32561422AD2E6A2002733DE /* Sources */,
				B32561432AD2E6A2002733DE /* Frameworks */,
				B32561442AD2E6A2002733DE /* Resources */,
			);
			buildRules = (
			);
			dependencies = (
			);
			name = "Neros Music";
			productName = "Neros Music";
			productReference = B32561462AD2E6A2002733DE /* Neros Music.app */;
			productType = "com.apple.product-type.application";
		};
/* End PBXNativeTarget section */

/* Begin PBXProject section */
		B325613E2AD2E6A2002733DE /* Project object */ = {
			isa = PBXProject;
			attributes = {
				BuildIndependentTargetsInParallel = 1;
				LastSwiftUpdateCheck = 1500;
				LastUpgradeCheck = 1500;
				TargetAttributes = {
					B32561452AD2E6A2002733DE = {
						CreatedOnToolsVersion = 15.0;
					};
				};
			};
			buildConfigurationList = B32561412AD2E6A2002733DE /* Build configuration list for PBXProject "Neros Music" */;
			compatibilityVersion = "Xcode 14.0";
			developmentRegion = en;
			hasScannedForEncodings = 0;
			knownRegions = (
				en,
				Base,
			);
			mainGroup = B325613D2AD2E6A2002733DE;
			productRefGroup = B32561472AD2E6A2002733DE /* Products */;
			projectDirPath = "";
			projectRoot = "";
			targets = (
				B32561452AD2E6A2002733DE /* Neros Music */,
			);
		};
/* End PBXProject section */

/* Begin PBXResourcesBuildPhase section */
		B32561442AD2E6A2002733DE /* Resources */ = {
			isa = PBXResourcesBuildPhase;
			buildActionMask = 2147483647;
			files = (
				B3B669AB2AE0104D0070AB49 /* alien-cameras.scn in Resources */,
				B3B669C12AE010740070AB49 /* eye_uvs_REFLECTIVE_back.heic in Resources */,
				B3B669A92AE0104D0070AB49 /* alien-camera.atx in Resources */,
				B3B669BE2AE010740070AB49 /* tongue_SPECROUGHLW.heic in Resources */,
				B3B669BD2AE010740070AB49 /* eye_uvs_REFLECTIVE_occlusion.heic in Resources */,
				B3B669BF2AE010740070AB49 /* eye_uvs_REFLECTIVE_front.heic in Resources */,
				B32561512AD2E6A3002733DE /* Preview Assets.xcassets in Resources */,
				B3B669B02AE0104D0070AB49 /* alien_head_ONTOP.heic in Resources */,
				B3B669BA2AE010740070AB49 /* mouth_AO.heic in Resources */,
				B3B669BC2AE010740070AB49 /* mouth_DIFFUSE.heic in Resources */,
				B3B669AA2AE0104D0070AB49 /* alien_head_AO.heic in Resources */,
				B3B669AE2AE0104D0070AB49 /* alien.scn in Resources */,
				B325614E2AD2E6A3002733DE /* Assets.xcassets in Resources */,
				B3B669AC2AE0104D0070AB49 /* alien_head_DIFFUSE.heic in Resources */,
				B3B669AF2AE0104D0070AB49 /* alien-cameraGrid.atx in Resources */,
				B3B669BB2AE010740070AB49 /* white.heic in Resources */,
				B3B669C02AE010740070AB49 /* black.heic in Resources */,
				B3B669AD2AE0104D0070AB49 /* alien_head_SPECROUGHLW.heic in Resources */,
			);
			runOnlyForDeploymentPostprocessing = 0;
		};
/* End PBXResourcesBuildPhase section */

/* Begin PBXSourcesBuildPhase section */
		B32561422AD2E6A2002733DE /* Sources */ = {
			isa = PBXSourcesBuildPhase;
			buildActionMask = 2147483647;
			files = (
				B3C3030F2ADEFE6300B71318 /* BottomNavBar.swift in Sources */,
				B3C3030D2ADEFB9400B71318 /* Avatar3DView.swift in Sources */,
				B325614C2AD2E6A2002733DE /* ContentView.swift in Sources */,
				B3B669C32AE014520070AB49 /* Homepage.swift in Sources */,
				B325614A2AD2E6A2002733DE /* Neros_MusicApp.swift in Sources */,
			);
			runOnlyForDeploymentPostprocessing = 0;
		};
/* End PBXSourcesBuildPhase section */

/* Begin XCBuildConfiguration section */
		B32561522AD2E6A3002733DE /* Debug */ = {
			isa = XCBuildConfiguration;
			buildSettings = {
				ALWAYS_SEARCH_USER_PATHS = NO;
				ASSETCATALOG_COMPILER_GENERATE_SWIFT_ASSET_SYMBOL_EXTENSIONS = YES;
				CLANG_ANALYZER_NONNULL = YES;
				CLANG_ANALYZER_NUMBER_OBJECT_CONVERSION = YES_AGGRESSIVE;
				CLANG_CXX_LANGUAGE_STANDARD = "gnu++20";
				CLANG_ENABLE_MODULES = YES;
				CLANG_ENABLE_OBJC_ARC = YES;
				CLANG_ENABLE_OBJC_WEAK = YES;
				CLANG_WARN_BLOCK_CAPTURE_AUTORELEASING = YES;
				CLANG_WARN_BOOL_CONVERSION = YES;
				CLANG_WARN_COMMA = YES;
				CLANG_WARN_CONSTANT_CONVERSION = YES;
				CLANG_WARN_DEPRECATED_OBJC_IMPLEMENTATIONS = YES;
				CLANG_WARN_DIRECT_OBJC_ISA_USAGE = YES_ERROR;
				CLANG_WARN_DOCUMENTATION_COMMENTS = YES;
				CLANG_WARN_EMPTY_BODY = YES;
				CLANG_WARN_ENUM_CONVERSION = YES;
				CLANG_WARN_INFINITE_RECURSION = YES;
				CLANG_WARN_INT_CONVERSION = YES;
				CLANG_WARN_NON_LITERAL_NULL_CONVERSION = YES;
				CLANG_WARN_OBJC_IMPLICIT_RETAIN_SELF = YES;
				CLANG_WARN_OBJC_LITERAL_CONVERSION = YES;
				CLANG_WARN_OBJC_ROOT_CLASS = YES_ERROR;
				CLANG_WARN_QUOTED_INCLUDE_IN_FRAMEWORK_HEADER = YES;
				CLANG_WARN_RANGE_LOOP_ANALYSIS = YES;
				CLANG_WARN_STRICT_PROTOTYPES = YES;
				CLANG_WARN_SUSPICIOUS_MOVE = YES;
				CLANG_WARN_UNGUARDED_AVAILABILITY = YES_AGGRESSIVE;
				CLANG_WARN_UNREACHABLE_CODE = YES;
				CLANG_WARN__DUPLICATE_METHOD_MATCH = YES;
				COPY_PHASE_STRIP = NO;
				DEBUG_INFORMATION_FORMAT = dwarf;
				ENABLE_STRICT_OBJC_MSGSEND = YES;
				ENABLE_TESTABILITY = YES;
				ENABLE_USER_SCRIPT_SANDBOXING = YES;
				GCC_C_LANGUAGE_STANDARD = gnu17;
				GCC_DYNAMIC_NO_PIC = NO;
				GCC_NO_COMMON_BLOCKS = YES;
				GCC_OPTIMIZATION_LEVEL = 0;
				GCC_PREPROCESSOR_DEFINITIONS = (
					"DEBUG=1",
					"$(inherited)",
				);
				GCC_WARN_64_TO_32_BIT_CONVERSION = YES;
				GCC_WARN_ABOUT_RETURN_TYPE = YES_ERROR;
				GCC_WARN_UNDECLARED_SELECTOR = YES;
				GCC_WARN_UNINITIALIZED_AUTOS = YES_AGGRESSIVE;
				GCC_WARN_UNUSED_FUNCTION = YES;
				GCC_WARN_UNUSED_VARIABLE = YES;
				IPHONEOS_DEPLOYMENT_TARGET = 17.0;
				LOCALIZATION_PREFERS_STRING_CATALOGS = YES;
				MTL_ENABLE_DEBUG_INFO = INCLUDE_SOURCE;
				MTL_FAST_MATH = YES;
				ONLY_ACTIVE_ARCH = YES;
				SDKROOT = iphoneos;
				SWIFT_ACTIVE_COMPILATION_CONDITIONS = "DEBUG $(inherited)";
				SWIFT_OPTIMIZATION_LEVEL = "-Onone";
			};
			name = Debug;
		};
		B32561532AD2E6A3002733DE /* Release */ = {
			isa = XCBuildConfiguration;
			buildSettings = {
				ALWAYS_SEARCH_USER_PATHS = NO;
				ASSETCATALOG_COMPILER_GENERATE_SWIFT_ASSET_SYMBOL_EXTENSIONS = YES;
				CLANG_ANALYZER_NONNULL = YES;
				CLANG_ANALYZER_NUMBER_OBJECT_CONVERSION = YES_AGGRESSIVE;
				CLANG_CXX_LANGUAGE_STANDARD = "gnu++20";
				CLANG_ENABLE_MODULES = YES;
				CLANG_ENABLE_OBJC_ARC = YES;
				CLANG_ENABLE_OBJC_WEAK = YES;
				CLANG_WARN_BLOCK_CAPTURE_AUTORELEASING = YES;
				CLANG_WARN_BOOL_CONVERSION = YES;
				CLANG_WARN_COMMA = YES;
				CLANG_WARN_CONSTANT_CONVERSION = YES;
				CLANG_WARN_DEPRECATED_OBJC_IMPLEMENTATIONS = YES;
				CLANG_WARN_DIRECT_OBJC_ISA_USAGE = YES_ERROR;
				CLANG_WARN_DOCUMENTATION_COMMENTS = YES;
				CLANG_WARN_EMPTY_BODY = YES;
				CLANG_WARN_ENUM_CONVERSION = YES;
				CLANG_WARN_INFINITE_RECURSION = YES;
				CLANG_WARN_INT_CONVERSION = YES;
				CLANG_WARN_NON_LITERAL_NULL_CONVERSION = YES;
				CLANG_WARN_OBJC_IMPLICIT_RETAIN_SELF = YES;
				CLANG_WARN_OBJC_LITERAL_CONVERSION = YES;
				CLANG_WARN_OBJC_ROOT_CLASS = YES_ERROR;
				CLANG_WARN_QUOTED_INCLUDE_IN_FRAMEWORK_HEADER = YES;
				CLANG_WARN_RANGE_LOOP_ANALYSIS = YES;
				CLANG_WARN_STRICT_PROTOTYPES = YES;
				CLANG_WARN_SUSPICIOUS_MOVE = YES;
				CLANG_WARN_UNGUARDED_AVAILABILITY = YES_AGGRESSIVE;
				CLANG_WARN_UNREACHABLE_CODE = YES;
				CLANG_WARN__DUPLICATE_METHOD_MATCH = YES;
				COPY_PHASE_STRIP = NO;
				DEBUG_INFORMATION_FORMAT = "dwarf-with-dsym";
				ENABLE_NS_ASSERTIONS = NO;
				ENABLE_STRICT_OBJC_MSGSEND = YES;
				ENABLE_USER_SCRIPT_SANDBOXING = YES;
				GCC_C_LANGUAGE_STANDARD = gnu17;
				GCC_NO_COMMON_BLOCKS = YES;
				GCC_WARN_64_TO_32_BIT_CONVERSION = YES;
				GCC_WARN_ABOUT_RETURN_TYPE = YES_ERROR;
				GCC_WARN_UNDECLARED_SELECTOR = YES;
				GCC_WARN_UNINITIALIZED_AUTOS = YES_AGGRESSIVE;
				GCC_WARN_UNUSED_FUNCTION = YES;
				GCC_WARN_UNUSED_VARIABLE = YES;
				IPHONEOS_DEPLOYMENT_TARGET = 17.0;
				LOCALIZATION_PREFERS_STRING_CATALOGS = YES;
				MTL_ENABLE_DEBUG_INFO = NO;
				MTL_FAST_MATH = YES;
				SDKROOT = iphoneos;
				SWIFT_COMPILATION_MODE = wholemodule;
				VALIDATE_PRODUCT = YES;
			};
			name = Release;
		};
		B32561552AD2E6A3002733DE /* Debug */ = {
			isa = XCBuildConfiguration;
			buildSettings = {
				ASSETCATALOG_COMPILER_APPICON_NAME = AppIcon;
				ASSETCATALOG_COMPILER_GLOBAL_ACCENT_COLOR_NAME = AccentColor;
				CODE_SIGN_STYLE = Automatic;
				CURRENT_PROJECT_VERSION = 1;
				DEVELOPMENT_ASSET_PATHS = "\"Neros Music/Preview Content\"";
				DEVELOPMENT_TEAM = ATL5R5VHCG;
				ENABLE_PREVIEWS = YES;
				GENERATE_INFOPLIST_FILE = YES;
				INFOPLIST_KEY_UIApplicationSceneManifest_Generation = YES;
				INFOPLIST_KEY_UIApplicationSupportsIndirectInputEvents = YES;
				INFOPLIST_KEY_UILaunchScreen_Generation = YES;
				INFOPLIST_KEY_UISupportedInterfaceOrientations_iPad = "UIInterfaceOrientationPortrait UIInterfaceOrientationPortraitUpsideDown UIInterfaceOrientationLandscapeLeft UIInterfaceOrientationLandscapeRight";
				INFOPLIST_KEY_UISupportedInterfaceOrientations_iPhone = "UIInterfaceOrientationPortrait UIInterfaceOrientationLandscapeLeft UIInterfaceOrientationLandscapeRight";
				LD_RUNPATH_SEARCH_PATHS = (
					"$(inherited)",
					"@executable_path/Frameworks",
				);
				MARKETING_VERSION = 1.0;
				PRODUCT_BUNDLE_IDENTIFIER = "com.NerosTeam.Neros-Music.Neros-Music";
				PRODUCT_NAME = "$(TARGET_NAME)";
				SWIFT_EMIT_LOC_STRINGS = YES;
				SWIFT_VERSION = 5.0;
				TARGETED_DEVICE_FAMILY = "1,2";
			};
			name = Debug;
		};
		B32561562AD2E6A3002733DE /* Release */ = {
			isa = XCBuildConfiguration;
			buildSettings = {
				ASSETCATALOG_COMPILER_APPICON_NAME = AppIcon;
				ASSETCATALOG_COMPILER_GLOBAL_ACCENT_COLOR_NAME = AccentColor;
				CODE_SIGN_STYLE = Automatic;
				CURRENT_PROJECT_VERSION = 1;
				DEVELOPMENT_ASSET_PATHS = "\"Neros Music/Preview Content\"";
				DEVELOPMENT_TEAM = ATL5R5VHCG;
				ENABLE_PREVIEWS = YES;
				GENERATE_INFOPLIST_FILE = YES;
				INFOPLIST_KEY_UIApplicationSceneManifest_Generation = YES;
				INFOPLIST_KEY_UIApplicationSupportsIndirectInputEvents = YES;
				INFOPLIST_KEY_UILaunchScreen_Generation = YES;
				INFOPLIST_KEY_UISupportedInterfaceOrientations_iPad = "UIInterfaceOrientationPortrait UIInterfaceOrientationPortraitUpsideDown UIInterfaceOrientationLandscapeLeft UIInterfaceOrientationLandscapeRight";
				INFOPLIST_KEY_UISupportedInterfaceOrientations_iPhone = "UIInterfaceOrientationPortrait UIInterfaceOrientationLandscapeLeft UIInterfaceOrientationLandscapeRight";
				LD_RUNPATH_SEARCH_PATHS = (
					"$(inherited)",
					"@executable_path/Frameworks",
				);
				MARKETING_VERSION = 1.0;
				PRODUCT_BUNDLE_IDENTIFIER = "com.NerosTeam.Neros-Music.Neros-Music";
				PRODUCT_NAME = "$(TARGET_NAME)";
				SWIFT_EMIT_LOC_STRINGS = YES;
				SWIFT_VERSION = 5.0;
				TARGETED_DEVICE_FAMILY = "1,2";
			};
			name = Release;
		};
/* End XCBuildConfiguration section */

/* Begin XCConfigurationList section */
		B32561412AD2E6A2002733DE /* Build configuration list for PBXProject "Neros Music" */ = {
			isa = XCConfigurationList;
			buildConfigurations = (
				B32561522AD2E6A3002733DE /* Debug */,
				B32561532AD2E6A3002733DE /* Release */,
			);
			defaultConfigurationIsVisible = 0;
			defaultConfigurationName = Release;
		};
		B32561542AD2E6A3002733DE /* Build configuration list for PBXNativeTarget "Neros Music" */ = {
			isa = XCConfigurationList;
			buildConfigurations = (
				B32561552AD2E6A3002733DE /* Debug */,
				B32561562AD2E6A3002733DE /* Release */,
			);
			defaultConfigurationIsVisible = 0;
			defaultConfigurationName = Release;
		};
/* End XCConfigurationList section */
	};
	rootObject = B325613E2AD2E6A2002733DE /* Project object */;
}
